
Microsoft Visual Studio Solution File, Format Version 12.00
# Visual Studio 2012
Project("{FAE04EC0-301F-11D3-BF4B-00C04F79EFBC}") = "Modul03", "Modul03\Modul03.csproj", "{B082CA3A-73A3-4211-AC42-26113D4D36B6}"
EndProject
Project("{FAE04EC0-301F-11D3-BF4B-00C04F79EFBC}") = "BoolExplore", "BoolExplore\BoolExplore.csproj", "{D4A03E89-4954-48A2-99AD-5024CD72DCCC}"
EndProject
Global
	GlobalSection(SolutionConfigurationPlatforms) = preSolution
		Debug|x86 = Debug|x86
		Release|x86 = Release|x86
	EndGlobalSection
	GlobalSection(ProjectConfigurationPlatforms) = postSolution
		{B082CA3A-73A3-4211-AC42-26113D4D36B6}.Debug|x86.ActiveCfg = Debug|x86
		{B082CA3A-73A3-4211-AC42-26113D4D36B6}.Debug|x86.Build.0 = Debug|x86
		{B082CA3A-73A3-4211-AC42-26113D4D36B6}.Release|x86.ActiveCfg = Release|x86
		{B082CA3A-73A3-4211-AC42-26113D4D36B6}.Release|x86.Build.0 = Release|x86
		{D4A03E89-4954-48A2-99AD-5024CD72DCCC}.Debug|x86.ActiveCfg = Debug|x86
		{D4A03E89-4954-48A2-99AD-5024CD72DCCC}.Debug|x86.Build.0 = Debug|x86
		{D4A03E89-4954-48A2-99AD-5024CD72DCCC}.Release|x86.ActiveCfg = Release|x86
		{D4A03E89-4954-48A2-99AD-5024CD72DCCC}.Release|x86.Build.0 = Release|x86
	EndGlobalSection
EndGlobal
